
Microsoft Visual Studio Solution File, Format Version 12.00
# Visual Studio Version 17
VisualStudioVersion = 17.5.33530.505
MinimumVisualStudioVersion = 10.0.40219.1
Project("{9A19103F-16F7-4668-BE54-9A1E7A4F7556}") = "website_grabber", "website_grabber\website_grabber.csproj", "{8C4965FD-C097-4CB9-9AAF-7B3E4534FD62}"
EndProject
Project("{9A19103F-16F7-4668-BE54-9A1E7A4F7556}") = "volvo_grabber", "volvo_grabber\volvo_grabber.csproj", "{913BB6A1-1E66-414B-854B-D4AA6E3753E0}"
EndProject
Project("{9A19103F-16F7-4668-BE54-9A1E7A4F7556}") = "mercedes_grabber", "mercedes_grabber\mercedes_grabber.csproj", "{B6149E69-6151-4B0D-837D-439B775FFCDC}"
EndProject
Project("{9A19103F-16F7-4668-BE54-9A1E7A4F7556}") = "photo_grabber", "photo_grabber\photo_grabber.csproj", "{D06395AD-D933-4B48-9752-C6E859F3746B}"
EndProject
Project("{9A19103F-16F7-4668-BE54-9A1E7A4F7556}") = "headless_photo_grabber", "headless_photo_grabber\headless_photo_grabber.csproj", "{861FACD6-B6C4-429B-8358-C1EC50E91DBF}"
EndProject
Project("{9A19103F-16F7-4668-BE54-9A1E7A4F7556}") = "mercedes_shadowroot_photograbber", "mercedes_shadowroot_photograbber\mercedes_shadowroot_photograbber.csproj", "{CA651699-B8E3-4308-AB95-E3A1FA8B88A9}"
EndProject
Project("{9A19103F-16F7-4668-BE54-9A1E7A4F7556}") = "mercedes_models_images_grabber", "mercedes_models_images_grabber\mercedes_models_images_grabber.csproj", "{FA8128C8-D44B-4130-9305-A990FFCEBBF1}"
EndProject
Project("{9A19103F-16F7-4668-BE54-9A1E7A4F7556}") = "volkswagen_models_images_grabber", "volkswagen_models_images_grabber\volkswagen_models_images_grabber.csproj", "{FB1823DB-9629-4FCB-B6EF-22223CAA4044}"
EndProject
Project("{9A19103F-16F7-4668-BE54-9A1E7A4F7556}") = "volkswagen_models_grabber", "volkswagen_models_grabber\volkswagen_models_grabber.csproj", "{1717F169-DE72-43F8-9C5B-BEE83C10ED9A}"
EndProject
Project("{9A19103F-16F7-4668-BE54-9A1E7A4F7556}") = "mercedes_models_grabber", "mercedes_models_grabber\mercedes_models_grabber.csproj", "{27C7745C-5E3A-4FC4-8049-E2377549B50B}"
EndProject
Project("{FAE04EC0-301F-11D3-BF4B-00C04F79EFBC}") = "volvo_kb_models_grabber", "volvo_kb_models_grabber\volvo_kb_models_grabber.csproj", "{9F6C51CA-08FC-4305-8AF6-CD3EA0B6916C}"
EndProject
Global
	GlobalSection(SolutionConfigurationPlatforms) = preSolution
		Debug|Any CPU = Debug|Any CPU
		Release|Any CPU = Release|Any CPU
	EndGlobalSection
	GlobalSection(ProjectConfigurationPlatforms) = postSolution
		{8C4965FD-C097-4CB9-9AAF-7B3E4534FD62}.Debug|Any CPU.ActiveCfg = Debug|Any CPU
		{8C4965FD-C097-4CB9-9AAF-7B3E4534FD62}.Debug|Any CPU.Build.0 = Debug|Any CPU
		{8C4965FD-C097-4CB9-9AAF-7B3E4534FD62}.Release|Any CPU.ActiveCfg = Release|Any CPU
		{8C4965FD-C097-4CB9-9AAF-7B3E4534FD62}.Release|Any CPU.Build.0 = Release|Any CPU
		{913BB6A1-1E66-414B-854B-D4AA6E3753E0}.Debug|Any CPU.ActiveCfg = Debug|Any CPU
		{913BB6A1-1E66-414B-854B-D4AA6E3753E0}.Debug|Any CPU.Build.0 = Debug|Any CPU
		{913BB6A1-1E66-414B-854B-D4AA6E3753E0}.Release|Any CPU.ActiveCfg = Release|Any CPU
		{913BB6A1-1E66-414B-854B-D4AA6E3753E0}.Release|Any CPU.Build.0 = Release|Any CPU
		{B6149E69-6151-4B0D-837D-439B775FFCDC}.Debug|Any CPU.ActiveCfg = Debug|Any CPU
		{B6149E69-6151-4B0D-837D-439B775FFCDC}.Debug|Any CPU.Build.0 = Debug|Any CPU
		{B6149E69-6151-4B0D-837D-439B775FFCDC}.Release|Any CPU.ActiveCfg = Release|Any CPU
		{B6149E69-6151-4B0D-837D-439B775FFCDC}.Release|Any CPU.Build.0 = Release|Any CPU
		{D06395AD-D933-4B48-9752-C6E859F3746B}.Debug|Any CPU.ActiveCfg = Debug|Any CPU
		{D06395AD-D933-4B48-9752-C6E859F3746B}.Debug|Any CPU.Build.0 = Debug|Any CPU
		{D06395AD-D933-4B48-9752-C6E859F3746B}.Release|Any CPU.ActiveCfg = Release|Any CPU
		{D06395AD-D933-4B48-9752-C6E859F3746B}.Release|Any CPU.Build.0 = Release|Any CPU
		{861FACD6-B6C4-429B-8358-C1EC50E91DBF}.Debug|Any CPU.ActiveCfg = Debug|Any CPU
		{861FACD6-B6C4-429B-8358-C1EC50E91DBF}.Debug|Any CPU.Build.0 = Debug|Any CPU
		{861FACD6-B6C4-429B-8358-C1EC50E91DBF}.Release|Any CPU.ActiveCfg = Release|Any CPU
		{861FACD6-B6C4-429B-8358-C1EC50E91DBF}.Release|Any CPU.Build.0 = Release|Any CPU
		{CA651699-B8E3-4308-AB95-E3A1FA8B88A9}.Debug|Any CPU.ActiveCfg = Debug|Any CPU
		{CA651699-B8E3-4308-AB95-E3A1FA8B88A9}.Debug|Any CPU.Build.0 = Debug|Any CPU
		{CA651699-B8E3-4308-AB95-E3A1FA8B88A9}.Release|Any CPU.ActiveCfg = Release|Any CPU
		{CA651699-B8E3-4308-AB95-E3A1FA8B88A9}.Release|Any CPU.Build.0 = Release|Any CPU
		{FA8128C8-D44B-4130-9305-A990FFCEBBF1}.Debug|Any CPU.ActiveCfg = Debug|Any CPU
		{FA8128C8-D44B-4130-9305-A990FFCEBBF1}.Debug|Any CPU.Build.0 = Debug|Any CPU
		{FA8128C8-D44B-4130-9305-A990FFCEBBF1}.Release|Any CPU.ActiveCfg = Release|Any CPU
		{FA8128C8-D44B-4130-9305-A990FFCEBBF1}.Release|Any CPU.Build.0 = Release|Any CPU
		{FB1823DB-9629-4FCB-B6EF-22223CAA4044}.Debug|Any CPU.ActiveCfg = Debug|Any CPU
		{FB1823DB-9629-4FCB-B6EF-22223CAA4044}.Debug|Any CPU.Build.0 = Debug|Any CPU
		{FB1823DB-9629-4FCB-B6EF-22223CAA4044}.Release|Any CPU.ActiveCfg = Release|Any CPU
		{FB1823DB-9629-4FCB-B6EF-22223CAA4044}.Release|Any CPU.Build.0 = Release|Any CPU
		{1717F169-DE72-43F8-9C5B-BEE83C10ED9A}.Debug|Any CPU.ActiveCfg = Debug|Any CPU
		{1717F169-DE72-43F8-9C5B-BEE83C10ED9A}.Debug|Any CPU.Build.0 = Debug|Any CPU
		{1717F169-DE72-43F8-9C5B-BEE83C10ED9A}.Release|Any CPU.ActiveCfg = Release|Any CPU
		{1717F169-DE72-43F8-9C5B-BEE83C10ED9A}.Release|Any CPU.Build.0 = Release|Any CPU
		{27C7745C-5E3A-4FC4-8049-E2377549B50B}.Debug|Any CPU.ActiveCfg = Debug|Any CPU
		{27C7745C-5E3A-4FC4-8049-E2377549B50B}.Debug|Any CPU.Build.0 = Debug|Any CPU
		{27C7745C-5E3A-4FC4-8049-E2377549B50B}.Release|Any CPU.ActiveCfg = Release|Any CPU
		{27C7745C-5E3A-4FC4-8049-E2377549B50B}.Release|Any CPU.Build.0 = Release|Any CPU
		{9F6C51CA-08FC-4305-8AF6-CD3EA0B6916C}.Debug|Any CPU.ActiveCfg = Debug|Any CPU
		{9F6C51CA-08FC-4305-8AF6-CD3EA0B6916C}.Debug|Any CPU.Build.0 = Debug|Any CPU
		{9F6C51CA-08FC-4305-8AF6-CD3EA0B6916C}.Release|Any CPU.ActiveCfg = Release|Any CPU
		{9F6C51CA-08FC-4305-8AF6-CD3EA0B6916C}.Release|Any CPU.Build.0 = Release|Any CPU
	EndGlobalSection
	GlobalSection(SolutionProperties) = preSolution
		HideSolutionNode = FALSE
	EndGlobalSection
	GlobalSection(ExtensibilityGlobals) = postSolution
		SolutionGuid = {46980EA7-F102-4821-B32D-B4F3989B3F6F}
	EndGlobalSection
EndGlobal
